
Microsoft Visual Studio Solution File, Format Version 12.00
# Visual Studio Version 17
VisualStudioVersion = 17.6.33723.286
MinimumVisualStudioVersion = 10.0.40219.1
Project("{FAE04EC0-301F-11D3-BF4B-00C04F79EFBC}") = "Car_Rental", "Car_Rental\Car_Rental.csproj", "{5C56B416-B157-40A9-BAC8-5B0765651BA9}"
	ProjectSection(ProjectDependencies) = postProject
		{4927EC65-674C-45EA-A21C-AC9C3821DE32} = {4927EC65-674C-45EA-A21C-AC9C3821DE32}
	EndProjectSection
EndProject
Project("{FAE04EC0-301F-11D3-BF4B-00C04F79EFBC}") = "LibraryRepo", "LibraryRepo\LibraryRepo.csproj", "{4927EC65-674C-45EA-A21C-AC9C3821DE32}"
EndProject
Global
	GlobalSection(SolutionConfigurationPlatforms) = preSolution
		Debug|Any CPU = Debug|Any CPU
		Release|Any CPU = Release|Any CPU
	EndGlobalSection
	GlobalSection(ProjectConfigurationPlatforms) = postSolution
		{5C56B416-B157-40A9-BAC8-5B0765651BA9}.Debug|Any CPU.ActiveCfg = Debug|Any CPU
		{5C56B416-B157-40A9-BAC8-5B0765651BA9}.Debug|Any CPU.Build.0 = Debug|Any CPU
		{5C56B416-B157-40A9-BAC8-5B0765651BA9}.Release|Any CPU.ActiveCfg = Release|Any CPU
		{5C56B416-B157-40A9-BAC8-5B0765651BA9}.Release|Any CPU.Build.0 = Release|Any CPU
		{4927EC65-674C-45EA-A21C-AC9C3821DE32}.Debug|Any CPU.ActiveCfg = Debug|Any CPU
		{4927EC65-674C-45EA-A21C-AC9C3821DE32}.Debug|Any CPU.Build.0 = Debug|Any CPU
		{4927EC65-674C-45EA-A21C-AC9C3821DE32}.Release|Any CPU.ActiveCfg = Release|Any CPU
		{4927EC65-674C-45EA-A21C-AC9C3821DE32}.Release|Any CPU.Build.0 = Release|Any CPU
	EndGlobalSection
	GlobalSection(SolutionProperties) = preSolution
		HideSolutionNode = FALSE
	EndGlobalSection
	GlobalSection(ExtensibilityGlobals) = postSolution
		SolutionGuid = {F1F3901A-4CD5-4345-A4B4-70B884191C96}
	EndGlobalSection
EndGlobal
